# This file is automatically @generated by Cargo.
# It is not intended for manual editing.
version = 3

[[package]]
name = "assembler"
version = "0.1.0"
dependencies = [
 "stdlib",
]

[[package]]
name = "compiler"
version = "0.1.0"

[[package]]
name = "instruction_decoder"
version = "0.1.0"

[[package]]
name = "stdlib"
version = "0.1.0"

[[package]]
name = "zpu"
version = "0.1.0"
dependencies = [
 "instruction_decoder",
 "stdlib",
]
